// !$*UTF8*$!
{
	archiveVersion = 1;
	classes = {
	};
	objectVersion = 56;
	objects = {

/* Begin PBXBuildFile section */
		FB437D452BF93C7C007AC0B3 /* StepperButtom.swift in Sources */ = {isa = PBXBuildFile; fileRef = FB437D442BF93C7C007AC0B3 /* StepperButtom.swift */; };
		FBB3E67B2BEFEB27009FC664 /* Spotify_clone_AApp.swift in Sources */ = {isa = PBXBuildFile; fileRef = FBB3E67A2BEFEB27009FC664 /* Spotify_clone_AApp.swift */; };
		FBB3E67F2BEFEB28009FC664 /* Assets.xcassets in Resources */ = {isa = PBXBuildFile; fileRef = FBB3E67E2BEFEB28009FC664 /* Assets.xcassets */; };
		FBB3E6822BEFEB28009FC664 /* Preview Assets.xcassets in Resources */ = {isa = PBXBuildFile; fileRef = FBB3E6812BEFEB28009FC664 /* Preview Assets.xcassets */; };
		FBB3E6842BEFEB28009FC664 /* Persistence.swift in Sources */ = {isa = PBXBuildFile; fileRef = FBB3E6832BEFEB28009FC664 /* Persistence.swift */; };
		FBB3E6872BEFEB28009FC664 /* Spotify_clone_A.xcdatamodeld in Sources */ = {isa = PBXBuildFile; fileRef = FBB3E6852BEFEB28009FC664 /* Spotify_clone_A.xcdatamodeld */; };
		FBB3E68E2BEFEBC4009FC664 /* SignInView.swift in Sources */ = {isa = PBXBuildFile; fileRef = FBB3E68D2BEFEBC4009FC664 /* SignInView.swift */; };
		FBB3E6912BEFF946009FC664 /* ButtonView.swift in Sources */ = {isa = PBXBuildFile; fileRef = FBB3E6902BEFF946009FC664 /* ButtonView.swift */; };
		FBFDA2FC2BF921E9001EB82A /* SignUpView.swift in Sources */ = {isa = PBXBuildFile; fileRef = FBFDA2FB2BF921E9001EB82A /* SignUpView.swift */; };
		FBFDA2FE2BF9263C001EB82A /* BackButtonView.swift in Sources */ = {isa = PBXBuildFile; fileRef = FBFDA2FD2BF9263C001EB82A /* BackButtonView.swift */; };
		FBFDA3012BF9319A001EB82A /* inputs.swift in Sources */ = {isa = PBXBuildFile; fileRef = FBFDA3002BF9319A001EB82A /* inputs.swift */; };
/* End PBXBuildFile section */

/* Begin PBXFileReference section */
		FB437D442BF93C7C007AC0B3 /* StepperButtom.swift */ = {isa = PBXFileReference; lastKnownFileType = sourcecode.swift; path = StepperButtom.swift; sourceTree = "<group>"; };
		FBB3E6772BEFEB27009FC664 /* Spotify-clone-A.app */ = {isa = PBXFileReference; explicitFileType = wrapper.application; includeInIndex = 0; path = "Spotify-clone-A.app"; sourceTree = BUILT_PRODUCTS_DIR; };
		FBB3E67A2BEFEB27009FC664 /* Spotify_clone_AApp.swift */ = {isa = PBXFileReference; lastKnownFileType = sourcecode.swift; path = Spotify_clone_AApp.swift; sourceTree = "<group>"; };
		FBB3E67E2BEFEB28009FC664 /* Assets.xcassets */ = {isa = PBXFileReference; lastKnownFileType = folder.assetcatalog; path = Assets.xcassets; sourceTree = "<group>"; };
		FBB3E6812BEFEB28009FC664 /* Preview Assets.xcassets */ = {isa = PBXFileReference; lastKnownFileType = folder.assetcatalog; path = "Preview Assets.xcassets"; sourceTree = "<group>"; };
		FBB3E6832BEFEB28009FC664 /* Persistence.swift */ = {isa = PBXFileReference; lastKnownFileType = sourcecode.swift; path = Persistence.swift; sourceTree = "<group>"; };
		FBB3E6862BEFEB28009FC664 /* Spotify_clone_A.xcdatamodel */ = {isa = PBXFileReference; lastKnownFileType = wrapper.xcdatamodel; path = Spotify_clone_A.xcdatamodel; sourceTree = "<group>"; };
		FBB3E68D2BEFEBC4009FC664 /* SignInView.swift */ = {isa = PBXFileReference; lastKnownFileType = sourcecode.swift; path = SignInView.swift; sourceTree = "<group>"; };
		FBB3E6902BEFF946009FC664 /* ButtonView.swift */ = {isa = PBXFileReference; lastKnownFileType = sourcecode.swift; path = ButtonView.swift; sourceTree = "<group>"; };
		FBFDA2FB2BF921E9001EB82A /* SignUpView.swift */ = {isa = PBXFileReference; lastKnownFileType = sourcecode.swift; path = SignUpView.swift; sourceTree = "<group>"; };
		FBFDA2FD2BF9263C001EB82A /* BackButtonView.swift */ = {isa = PBXFileReference; lastKnownFileType = sourcecode.swift; path = BackButtonView.swift; sourceTree = "<group>"; };
		FBFDA3002BF9319A001EB82A /* inputs.swift */ = {isa = PBXFileReference; lastKnownFileType = sourcecode.swift; path = inputs.swift; sourceTree = "<group>"; };
/* End PBXFileReference section */

/* Begin PBXFrameworksBuildPhase section */
		FBB3E6742BEFEB27009FC664 /* Frameworks */ = {
			isa = PBXFrameworksBuildPhase;
			buildActionMask = 2147483647;
			files = (
			);
			runOnlyForDeploymentPostprocessing = 0;
		};
/* End PBXFrameworksBuildPhase section */

/* Begin PBXGroup section */
		FBB3E66E2BEFEB27009FC664 = {
			isa = PBXGroup;
			children = (
				FBB3E6792BEFEB27009FC664 /* Spotify-clone-A */,
				FBB3E6782BEFEB27009FC664 /* Products */,
			);
			sourceTree = "<group>";
		};
		FBB3E6782BEFEB27009FC664 /* Products */ = {
			isa = PBXGroup;
			children = (
				FBB3E6772BEFEB27009FC664 /* Spotify-clone-A.app */,
			);
			name = Products;
			sourceTree = "<group>";
		};
		FBB3E6792BEFEB27009FC664 /* Spotify-clone-A */ = {
			isa = PBXGroup;
			children = (
				FBFDA2FF2BF93185001EB82A /* mock */,
				FBB3E67A2BEFEB27009FC664 /* Spotify_clone_AApp.swift */,
				FBB3E67E2BEFEB28009FC664 /* Assets.xcassets */,
				FBB3E6832BEFEB28009FC664 /* Persistence.swift */,
				FBB3E68D2BEFEBC4009FC664 /* SignInView.swift */,
				FBFDA2FB2BF921E9001EB82A /* SignUpView.swift */,
				FBB3E68F2BEFF912009FC664 /* components */,
				FBB3E6852BEFEB28009FC664 /* Spotify_clone_A.xcdatamodeld */,
				FBB3E6802BEFEB28009FC664 /* Preview Content */,
			);
			path = "Spotify-clone-A";
			sourceTree = "<group>";
		};
		FBB3E6802BEFEB28009FC664 /* Preview Content */ = {
			isa = PBXGroup;
			children = (
				FBB3E6812BEFEB28009FC664 /* Preview Assets.xcassets */,
			);
			path = "Preview Content";
			sourceTree = "<group>";
		};
		FBB3E68F2BEFF912009FC664 /* components */ = {
			isa = PBXGroup;
			children = (
				FBB3E6902BEFF946009FC664 /* ButtonView.swift */,
				FBFDA2FD2BF9263C001EB82A /* BackButtonView.swift */,
				FB437D442BF93C7C007AC0B3 /* StepperButtom.swift */,
			);
			path = components;
			sourceTree = "<group>";
		};
		FBFDA2FF2BF93185001EB82A /* mock */ = {
			isa = PBXGroup;
			children = (
				FBFDA3002BF9319A001EB82A /* inputs.swift */,
			);
			path = mock;
			sourceTree = "<group>";
		};
/* End PBXGroup section */

/* Begin PBXNativeTarget section */
		FBB3E6762BEFEB27009FC664 /* Spotify-clone-A */ = {
			isa = PBXNativeTarget;
			buildConfigurationList = FBB3E68A2BEFEB28009FC664 /* Build configuration list for PBXNativeTarget "Spotify-clone-A" */;
			buildPhases = (
				FBB3E6732BEFEB27009FC664 /* Sources */,
				FBB3E6742BEFEB27009FC664 /* Frameworks */,
				FBB3E6752BEFEB27009FC664 /* Resources */,
			);
			buildRules = (
			);
			dependencies = (
			);
			name = "Spotify-clone-A";
			productName = "Spotify-clone-A";
			productReference = FBB3E6772BEFEB27009FC664 /* Spotify-clone-A.app */;
			productType = "com.apple.product-type.application";
		};
/* End PBXNativeTarget section */

/* Begin PBXProject section */
		FBB3E66F2BEFEB27009FC664 /* Project object */ = {
			isa = PBXProject;
			attributes = {
				BuildIndependentTargetsInParallel = 1;
				LastSwiftUpdateCheck = 1530;
				LastUpgradeCheck = 1530;
				TargetAttributes = {
					FBB3E6762BEFEB27009FC664 = {
						CreatedOnToolsVersion = 15.3;
					};
				};
			};
			buildConfigurationList = FBB3E6722BEFEB27009FC664 /* Build configuration list for PBXProject "Spotify-clone-A" */;
			compatibilityVersion = "Xcode 14.0";
			developmentRegion = en;
			hasScannedForEncodings = 0;
			knownRegions = (
				en,
				Base,
			);
			mainGroup = FBB3E66E2BEFEB27009FC664;
			productRefGroup = FBB3E6782BEFEB27009FC664 /* Products */;
			projectDirPath = "";
			projectRoot = "";
			targets = (
				FBB3E6762BEFEB27009FC664 /* Spotify-clone-A */,
			);
		};
/* End PBXProject section */

/* Begin PBXResourcesBuildPhase section */
		FBB3E6752BEFEB27009FC664 /* Resources */ = {
			isa = PBXResourcesBuildPhase;
			buildActionMask = 2147483647;
			files = (
				FBB3E6822BEFEB28009FC664 /* Preview Assets.xcassets in Resources */,
				FBB3E67F2BEFEB28009FC664 /* Assets.xcassets in Resources */,
			);
			runOnlyForDeploymentPostprocessing = 0;
		};
/* End PBXResourcesBuildPhase section */

/* Begin PBXSourcesBuildPhase section */
		FBB3E6732BEFEB27009FC664 /* Sources */ = {
			isa = PBXSourcesBuildPhase;
			buildActionMask = 2147483647;
			files = (
				FBB3E6842BEFEB28009FC664 /* Persistence.swift in Sources */,
				FBFDA2FE2BF9263C001EB82A /* BackButtonView.swift in Sources */,
				FB437D452BF93C7C007AC0B3 /* StepperButtom.swift in Sources */,
				FBFDA3012BF9319A001EB82A /* inputs.swift in Sources */,
				FBB3E6872BEFEB28009FC664 /* Spotify_clone_A.xcdatamodeld in Sources */,
				FBB3E6912BEFF946009FC664 /* ButtonView.swift in Sources */,
				FBB3E68E2BEFEBC4009FC664 /* SignInView.swift in Sources */,
				FBFDA2FC2BF921E9001EB82A /* SignUpView.swift in Sources */,
				FBB3E67B2BEFEB27009FC664 /* Spotify_clone_AApp.swift in Sources */,
			);
			runOnlyForDeploymentPostprocessing = 0;
		};
/* End PBXSourcesBuildPhase section */

/* Begin XCBuildConfiguration section */
		FBB3E6882BEFEB28009FC664 /* Debug */ = {
			isa = XCBuildConfiguration;
			buildSettings = {
				ALWAYS_SEARCH_USER_PATHS = NO;
				ASSETCATALOG_COMPILER_GENERATE_SWIFT_ASSET_SYMBOL_EXTENSIONS = YES;
				CLANG_ANALYZER_NONNULL = YES;
				CLANG_ANALYZER_NUMBER_OBJECT_CONVERSION = YES_AGGRESSIVE;
				CLANG_CXX_LANGUAGE_STANDARD = "gnu++20";
				CLANG_ENABLE_MODULES = YES;
				CLANG_ENABLE_OBJC_ARC = YES;
				CLANG_ENABLE_OBJC_WEAK = YES;
				CLANG_WARN_BLOCK_CAPTURE_AUTORELEASING = YES;
				CLANG_WARN_BOOL_CONVERSION = YES;
				CLANG_WARN_COMMA = YES;
				CLANG_WARN_CONSTANT_CONVERSION = YES;
				CLANG_WARN_DEPRECATED_OBJC_IMPLEMENTATIONS = YES;
				CLANG_WARN_DIRECT_OBJC_ISA_USAGE = YES_ERROR;
				CLANG_WARN_DOCUMENTATION_COMMENTS = YES;
				CLANG_WARN_EMPTY_BODY = YES;
				CLANG_WARN_ENUM_CONVERSION = YES;
				CLANG_WARN_INFINITE_RECURSION = YES;
				CLANG_WARN_INT_CONVERSION = YES;
				CLANG_WARN_NON_LITERAL_NULL_CONVERSION = YES;
				CLANG_WARN_OBJC_IMPLICIT_RETAIN_SELF = YES;
				CLANG_WARN_OBJC_LITERAL_CONVERSION = YES;
				CLANG_WARN_OBJC_ROOT_CLASS = YES_ERROR;
				CLANG_WARN_QUOTED_INCLUDE_IN_FRAMEWORK_HEADER = YES;
				CLANG_WARN_RANGE_LOOP_ANALYSIS = YES;
				CLANG_WARN_STRICT_PROTOTYPES = YES;
				CLANG_WARN_SUSPICIOUS_MOVE = YES;
				CLANG_WARN_UNGUARDED_AVAILABILITY = YES_AGGRESSIVE;
				CLANG_WARN_UNREACHABLE_CODE = YES;
				CLANG_WARN__DUPLICATE_METHOD_MATCH = YES;
				COPY_PHASE_STRIP = NO;
				DEBUG_INFORMATION_FORMAT = dwarf;
				ENABLE_STRICT_OBJC_MSGSEND = YES;
				ENABLE_TESTABILITY = YES;
				ENABLE_USER_SCRIPT_SANDBOXING = YES;
				GCC_C_LANGUAGE_STANDARD = gnu17;
				GCC_DYNAMIC_NO_PIC = NO;
				GCC_NO_COMMON_BLOCKS = YES;
				GCC_OPTIMIZATION_LEVEL = 0;
				GCC_PREPROCESSOR_DEFINITIONS = (
					"DEBUG=1",
					"$(inherited)",
				);
				GCC_WARN_64_TO_32_BIT_CONVERSION = YES;
				GCC_WARN_ABOUT_RETURN_TYPE = YES_ERROR;
				GCC_WARN_UNDECLARED_SELECTOR = YES;
				GCC_WARN_UNINITIALIZED_AUTOS = YES_AGGRESSIVE;
				GCC_WARN_UNUSED_FUNCTION = YES;
				GCC_WARN_UNUSED_VARIABLE = YES;
				IPHONEOS_DEPLOYMENT_TARGET = 17.4;
				LOCALIZATION_PREFERS_STRING_CATALOGS = YES;
				MTL_ENABLE_DEBUG_INFO = INCLUDE_SOURCE;
				MTL_FAST_MATH = YES;
				ONLY_ACTIVE_ARCH = YES;
				SDKROOT = iphoneos;
				SWIFT_ACTIVE_COMPILATION_CONDITIONS = "DEBUG $(inherited)";
				SWIFT_OPTIMIZATION_LEVEL = "-Onone";
			};
			name = Debug;
		};
		FBB3E6892BEFEB28009FC664 /* Release */ = {
			isa = XCBuildConfiguration;
			buildSettings = {
				ALWAYS_SEARCH_USER_PATHS = NO;
				ASSETCATALOG_COMPILER_GENERATE_SWIFT_ASSET_SYMBOL_EXTENSIONS = YES;
				CLANG_ANALYZER_NONNULL = YES;
				CLANG_ANALYZER_NUMBER_OBJECT_CONVERSION = YES_AGGRESSIVE;
				CLANG_CXX_LANGUAGE_STANDARD = "gnu++20";
				CLANG_ENABLE_MODULES = YES;
				CLANG_ENABLE_OBJC_ARC = YES;
				CLANG_ENABLE_OBJC_WEAK = YES;
				CLANG_WARN_BLOCK_CAPTURE_AUTORELEASING = YES;
				CLANG_WARN_BOOL_CONVERSION = YES;
				CLANG_WARN_COMMA = YES;
				CLANG_WARN_CONSTANT_CONVERSION = YES;
				CLANG_WARN_DEPRECATED_OBJC_IMPLEMENTATIONS = YES;
				CLANG_WARN_DIRECT_OBJC_ISA_USAGE = YES_ERROR;
				CLANG_WARN_DOCUMENTATION_COMMENTS = YES;
				CLANG_WARN_EMPTY_BODY = YES;
				CLANG_WARN_ENUM_CONVERSION = YES;
				CLANG_WARN_INFINITE_RECURSION = YES;
				CLANG_WARN_INT_CONVERSION = YES;
				CLANG_WARN_NON_LITERAL_NULL_CONVERSION = YES;
				CLANG_WARN_OBJC_IMPLICIT_RETAIN_SELF = YES;
				CLANG_WARN_OBJC_LITERAL_CONVERSION = YES;
				CLANG_WARN_OBJC_ROOT_CLASS = YES_ERROR;
				CLANG_WARN_QUOTED_INCLUDE_IN_FRAMEWORK_HEADER = YES;
				CLANG_WARN_RANGE_LOOP_ANALYSIS = YES;
				CLANG_WARN_STRICT_PROTOTYPES = YES;
				CLANG_WARN_SUSPICIOUS_MOVE = YES;
				CLANG_WARN_UNGUARDED_AVAILABILITY = YES_AGGRESSIVE;
				CLANG_WARN_UNREACHABLE_CODE = YES;
				CLANG_WARN__DUPLICATE_METHOD_MATCH = YES;
				COPY_PHASE_STRIP = NO;
				DEBUG_INFORMATION_FORMAT = "dwarf-with-dsym";
				ENABLE_NS_ASSERTIONS = NO;
				ENABLE_STRICT_OBJC_MSGSEND = YES;
				ENABLE_USER_SCRIPT_SANDBOXING = YES;
				GCC_C_LANGUAGE_STANDARD = gnu17;
				GCC_NO_COMMON_BLOCKS = YES;
				GCC_WARN_64_TO_32_BIT_CONVERSION = YES;
				GCC_WARN_ABOUT_RETURN_TYPE = YES_ERROR;
				GCC_WARN_UNDECLARED_SELECTOR = YES;
				GCC_WARN_UNINITIALIZED_AUTOS = YES_AGGRESSIVE;
				GCC_WARN_UNUSED_FUNCTION = YES;
				GCC_WARN_UNUSED_VARIABLE = YES;
				IPHONEOS_DEPLOYMENT_TARGET = 17.4;
				LOCALIZATION_PREFERS_STRING_CATALOGS = YES;
				MTL_ENABLE_DEBUG_INFO = NO;
				MTL_FAST_MATH = YES;
				SDKROOT = iphoneos;
				SWIFT_COMPILATION_MODE = wholemodule;
				VALIDATE_PRODUCT = YES;
			};
			name = Release;
		};
		FBB3E68B2BEFEB28009FC664 /* Debug */ = {
			isa = XCBuildConfiguration;
			buildSettings = {
				ASSETCATALOG_COMPILER_APPICON_NAME = AppIcon;
				ASSETCATALOG_COMPILER_GLOBAL_ACCENT_COLOR_NAME = AccentColor;
				CODE_SIGN_STYLE = Automatic;
				CURRENT_PROJECT_VERSION = 1;
				DEVELOPMENT_ASSET_PATHS = "\"Spotify-clone-A/Preview Content\"";
				ENABLE_PREVIEWS = YES;
				GENERATE_INFOPLIST_FILE = YES;
				INFOPLIST_KEY_UIApplicationSceneManifest_Generation = YES;
				INFOPLIST_KEY_UIApplicationSupportsIndirectInputEvents = YES;
				INFOPLIST_KEY_UILaunchScreen_Generation = YES;
				INFOPLIST_KEY_UISupportedInterfaceOrientations_iPad = "UIInterfaceOrientationPortrait UIInterfaceOrientationPortraitUpsideDown UIInterfaceOrientationLandscapeLeft UIInterfaceOrientationLandscapeRight";
				INFOPLIST_KEY_UISupportedInterfaceOrientations_iPhone = "UIInterfaceOrientationPortrait UIInterfaceOrientationLandscapeLeft UIInterfaceOrientationLandscapeRight";
				LD_RUNPATH_SEARCH_PATHS = (
					"$(inherited)",
					"@executable_path/Frameworks",
				);
				MARKETING_VERSION = 1.0;
				PRODUCT_BUNDLE_IDENTIFIER = "com.tecsup.Spotify-clone-A";
				PRODUCT_NAME = "$(TARGET_NAME)";
				SWIFT_EMIT_LOC_STRINGS = YES;
				SWIFT_VERSION = 5.0;
				TARGETED_DEVICE_FAMILY = "1,2";
			};
			name = Debug;
		};
		FBB3E68C2BEFEB28009FC664 /* Release */ = {
			isa = XCBuildConfiguration;
			buildSettings = {
				ASSETCATALOG_COMPILER_APPICON_NAME = AppIcon;
				ASSETCATALOG_COMPILER_GLOBAL_ACCENT_COLOR_NAME = AccentColor;
				CODE_SIGN_STYLE = Automatic;
				CURRENT_PROJECT_VERSION = 1;
				DEVELOPMENT_ASSET_PATHS = "\"Spotify-clone-A/Preview Content\"";
				ENABLE_PREVIEWS = YES;
				GENERATE_INFOPLIST_FILE = YES;
				INFOPLIST_KEY_UIApplicationSceneManifest_Generation = YES;
				INFOPLIST_KEY_UIApplicationSupportsIndirectInputEvents = YES;
				INFOPLIST_KEY_UILaunchScreen_Generation = YES;
				INFOPLIST_KEY_UISupportedInterfaceOrientations_iPad = "UIInterfaceOrientationPortrait UIInterfaceOrientationPortraitUpsideDown UIInterfaceOrientationLandscapeLeft UIInterfaceOrientationLandscapeRight";
				INFOPLIST_KEY_UISupportedInterfaceOrientations_iPhone = "UIInterfaceOrientationPortrait UIInterfaceOrientationLandscapeLeft UIInterfaceOrientationLandscapeRight";
				LD_RUNPATH_SEARCH_PATHS = (
					"$(inherited)",
					"@executable_path/Frameworks",
				);
				MARKETING_VERSION = 1.0;
				PRODUCT_BUNDLE_IDENTIFIER = "com.tecsup.Spotify-clone-A";
				PRODUCT_NAME = "$(TARGET_NAME)";
				SWIFT_EMIT_LOC_STRINGS = YES;
				SWIFT_VERSION = 5.0;
				TARGETED_DEVICE_FAMILY = "1,2";
			};
			name = Release;
		};
/* End XCBuildConfiguration section */

/* Begin XCConfigurationList section */
		FBB3E6722BEFEB27009FC664 /* Build configuration list for PBXProject "Spotify-clone-A" */ = {
			isa = XCConfigurationList;
			buildConfigurations = (
				FBB3E6882BEFEB28009FC664 /* Debug */,
				FBB3E6892BEFEB28009FC664 /* Release */,
			);
			defaultConfigurationIsVisible = 0;
			defaultConfigurationName = Release;
		};
		FBB3E68A2BEFEB28009FC664 /* Build configuration list for PBXNativeTarget "Spotify-clone-A" */ = {
			isa = XCConfigurationList;
			buildConfigurations = (
				FBB3E68B2BEFEB28009FC664 /* Debug */,
				FBB3E68C2BEFEB28009FC664 /* Release */,
			);
			defaultConfigurationIsVisible = 0;
			defaultConfigurationName = Release;
		};
/* End XCConfigurationList section */

/* Begin XCVersionGroup section */
		FBB3E6852BEFEB28009FC664 /* Spotify_clone_A.xcdatamodeld */ = {
			isa = XCVersionGroup;
			children = (
				FBB3E6862BEFEB28009FC664 /* Spotify_clone_A.xcdatamodel */,
			);
			currentVersion = FBB3E6862BEFEB28009FC664 /* Spotify_clone_A.xcdatamodel */;
			path = Spotify_clone_A.xcdatamodeld;
			sourceTree = "<group>";
			versionGroupType = wrapper.xcdatamodel;
		};
/* End XCVersionGroup section */
	};
	rootObject = FBB3E66F2BEFEB27009FC664 /* Project object */;
}
